
Microsoft Visual Studio Solution File, Format Version 12.00
# Visual Studio Version 17
VisualStudioVersion = 17.4.33122.133
MinimumVisualStudioVersion = 10.0.40219.1
Project("{9A19103F-16F7-4668-BE54-9A1E7A4F7556}") = "PruebaTecnicaABPOSSolutions", "PruebaTecnicaABPOSSolutions\PruebaTecnicaABPOSSolutions.csproj", "{8FCCE90E-B9D3-48F3-9A65-A57F73BF8BD0}"
EndProject
Global
	GlobalSection(SolutionConfigurationPlatforms) = preSolution
		Debug|Any CPU = Debug|Any CPU
		Release|Any CPU = Release|Any CPU
	EndGlobalSection
	GlobalSection(ProjectConfigurationPlatforms) = postSolution
		{8FCCE90E-B9D3-48F3-9A65-A57F73BF8BD0}.Debug|Any CPU.ActiveCfg = Debug|Any CPU
		{8FCCE90E-B9D3-48F3-9A65-A57F73BF8BD0}.Debug|Any CPU.Build.0 = Debug|Any CPU
		{8FCCE90E-B9D3-48F3-9A65-A57F73BF8BD0}.Release|Any CPU.ActiveCfg = Release|Any CPU
		{8FCCE90E-B9D3-48F3-9A65-A57F73BF8BD0}.Release|Any CPU.Build.0 = Release|Any CPU
	EndGlobalSection
	GlobalSection(SolutionProperties) = preSolution
		HideSolutionNode = FALSE
	EndGlobalSection
	GlobalSection(ExtensibilityGlobals) = postSolution
		SolutionGuid = {B9745266-4DB6-4130-8E44-B664200F7775}
	EndGlobalSection
EndGlobal
